
Microsoft Visual Studio Solution File, Format Version 12.00
# Visual Studio Version 17
VisualStudioVersion = 17.4.33205.214
MinimumVisualStudioVersion = 10.0.40219.1
Project("{FAE04EC0-301F-11D3-BF4B-00C04F79EFBC}") = "BaiQuanLyQuancafe", "BaiQuanLyQuancafe\BaiQuanLyQuancafe.csproj", "{1EF15B56-A167-4E01-AAC7-83B30420EB97}"
EndProject
Global
	GlobalSection(SolutionConfigurationPlatforms) = preSolution
		Debug|Any CPU = Debug|Any CPU
		Release|Any CPU = Release|Any CPU
	EndGlobalSection
	GlobalSection(ProjectConfigurationPlatforms) = postSolution
		{1EF15B56-A167-4E01-AAC7-83B30420EB97}.Debug|Any CPU.ActiveCfg = Debug|Any CPU
		{1EF15B56-A167-4E01-AAC7-83B30420EB97}.Debug|Any CPU.Build.0 = Debug|Any CPU
		{1EF15B56-A167-4E01-AAC7-83B30420EB97}.Release|Any CPU.ActiveCfg = Release|Any CPU
		{1EF15B56-A167-4E01-AAC7-83B30420EB97}.Release|Any CPU.Build.0 = Release|Any CPU
	EndGlobalSection
	GlobalSection(SolutionProperties) = preSolution
		HideSolutionNode = FALSE
	EndGlobalSection
	GlobalSection(ExtensibilityGlobals) = postSolution
		SolutionGuid = {B2DCBE7F-417B-42B3-A4B5-C684B7994798}
	EndGlobalSection
EndGlobal
